
Microsoft Visual Studio Solution File, Format Version 12.00
# Visual Studio Version 17
VisualStudioVersion = 17.13.35828.75
MinimumVisualStudioVersion = 10.0.40219.1
Project("{FAE04EC0-301F-11D3-BF4B-00C04F79EFBC}") = "ApiGateway", "ApiGateway\ApiGateway.csproj", "{ABE66B30-BD47-A7B2-B17B-5BA67959B026}"
EndProject
Project("{FAE04EC0-301F-11D3-BF4B-00C04F79EFBC}") = "OrderService", "OrderService\OrderService.csproj", "{6BCC5D4C-DCFD-F350-0302-6CEEC93FCB6D}"
EndProject
Project("{FAE04EC0-301F-11D3-BF4B-00C04F79EFBC}") = "UserService", "UserService\UserService.csproj", "{F8832160-6E8A-C1E0-17C8-08A5783EBD52}"
EndProject
Project("{2150E333-8FDC-42A3-9474-1A3956D46DE8}") = "Tests", "Tests", "{02EA681E-C7D8-13C7-8484-4AC65E1B71E8}"
EndProject
Project("{FAE04EC0-301F-11D3-BF4B-00C04F79EFBC}") = "ApiGateway.Test", "Tests\ApiGateway\ApiGateway.Test.csproj", "{9586A85C-485B-0230-C231-A4182A58BB1D}"
EndProject
Project("{FAE04EC0-301F-11D3-BF4B-00C04F79EFBC}") = "OrdersService.Test", "Tests\OrdersService\OrdersService.Test.csproj", "{CD43DEC1-FB76-9644-BA31-D91E2498C595}"
EndProject
Project("{FAE04EC0-301F-11D3-BF4B-00C04F79EFBC}") = "UsersService.Test", "Tests\UsersService\UsersService.Test.csproj", "{C24F51A6-C141-78AD-02F8-876AAB6BEFB3}"
EndProject
Project("{2150E333-8FDC-42A3-9474-1A3956D46DE8}") = "LoadTests", "LoadTests", "{3EDB493D-9015-4C92-9BBE-E6CBAC0F2069}"
	ProjectSection(SolutionItems) = preProject
		run_k6.bat = run_k6.bat
		teste.js = teste.js
	EndProjectSection
EndProject
Global
	GlobalSection(SolutionConfigurationPlatforms) = preSolution
		Debug|Any CPU = Debug|Any CPU
		Release|Any CPU = Release|Any CPU
	EndGlobalSection
	GlobalSection(ProjectConfigurationPlatforms) = postSolution
		{ABE66B30-BD47-A7B2-B17B-5BA67959B026}.Debug|Any CPU.ActiveCfg = Debug|Any CPU
		{ABE66B30-BD47-A7B2-B17B-5BA67959B026}.Debug|Any CPU.Build.0 = Debug|Any CPU
		{ABE66B30-BD47-A7B2-B17B-5BA67959B026}.Release|Any CPU.ActiveCfg = Release|Any CPU
		{ABE66B30-BD47-A7B2-B17B-5BA67959B026}.Release|Any CPU.Build.0 = Release|Any CPU
		{6BCC5D4C-DCFD-F350-0302-6CEEC93FCB6D}.Debug|Any CPU.ActiveCfg = Debug|Any CPU
		{6BCC5D4C-DCFD-F350-0302-6CEEC93FCB6D}.Debug|Any CPU.Build.0 = Debug|Any CPU
		{6BCC5D4C-DCFD-F350-0302-6CEEC93FCB6D}.Release|Any CPU.ActiveCfg = Release|Any CPU
		{6BCC5D4C-DCFD-F350-0302-6CEEC93FCB6D}.Release|Any CPU.Build.0 = Release|Any CPU
		{F8832160-6E8A-C1E0-17C8-08A5783EBD52}.Debug|Any CPU.ActiveCfg = Debug|Any CPU
		{F8832160-6E8A-C1E0-17C8-08A5783EBD52}.Debug|Any CPU.Build.0 = Debug|Any CPU
		{F8832160-6E8A-C1E0-17C8-08A5783EBD52}.Release|Any CPU.ActiveCfg = Release|Any CPU
		{F8832160-6E8A-C1E0-17C8-08A5783EBD52}.Release|Any CPU.Build.0 = Release|Any CPU
		{9586A85C-485B-0230-C231-A4182A58BB1D}.Debug|Any CPU.ActiveCfg = Debug|Any CPU
		{9586A85C-485B-0230-C231-A4182A58BB1D}.Debug|Any CPU.Build.0 = Debug|Any CPU
		{9586A85C-485B-0230-C231-A4182A58BB1D}.Release|Any CPU.ActiveCfg = Release|Any CPU
		{9586A85C-485B-0230-C231-A4182A58BB1D}.Release|Any CPU.Build.0 = Release|Any CPU
		{CD43DEC1-FB76-9644-BA31-D91E2498C595}.Debug|Any CPU.ActiveCfg = Debug|Any CPU
		{CD43DEC1-FB76-9644-BA31-D91E2498C595}.Debug|Any CPU.Build.0 = Debug|Any CPU
		{CD43DEC1-FB76-9644-BA31-D91E2498C595}.Release|Any CPU.ActiveCfg = Release|Any CPU
		{CD43DEC1-FB76-9644-BA31-D91E2498C595}.Release|Any CPU.Build.0 = Release|Any CPU
		{C24F51A6-C141-78AD-02F8-876AAB6BEFB3}.Debug|Any CPU.ActiveCfg = Debug|Any CPU
		{C24F51A6-C141-78AD-02F8-876AAB6BEFB3}.Debug|Any CPU.Build.0 = Debug|Any CPU
		{C24F51A6-C141-78AD-02F8-876AAB6BEFB3}.Release|Any CPU.ActiveCfg = Release|Any CPU
		{C24F51A6-C141-78AD-02F8-876AAB6BEFB3}.Release|Any CPU.Build.0 = Release|Any CPU
	EndGlobalSection
	GlobalSection(SolutionProperties) = preSolution
		HideSolutionNode = FALSE
	EndGlobalSection
	GlobalSection(NestedProjects) = preSolution
		{9586A85C-485B-0230-C231-A4182A58BB1D} = {02EA681E-C7D8-13C7-8484-4AC65E1B71E8}
		{CD43DEC1-FB76-9644-BA31-D91E2498C595} = {02EA681E-C7D8-13C7-8484-4AC65E1B71E8}
		{C24F51A6-C141-78AD-02F8-876AAB6BEFB3} = {02EA681E-C7D8-13C7-8484-4AC65E1B71E8}
	EndGlobalSection
	GlobalSection(ExtensibilityGlobals) = postSolution
		SolutionGuid = {CBECB902-FC8E-4160-A984-B6BF771CE54B}
	EndGlobalSection
EndGlobal
