
Microsoft Visual Studio Solution File, Format Version 12.00
# Visual Studio Version 17
VisualStudioVersion = 17.13.35828.75
MinimumVisualStudioVersion = 10.0.40219.1
Project("{FAE04EC0-301F-11D3-BF4B-00C04F79EFBC}") = "ApiGateway", "ApiGateway.csproj", "{14059015-B2C0-4449-87CC-35DA386C4ACB}"
EndProject
Project("{FAE04EC0-301F-11D3-BF4B-00C04F79EFBC}") = "UserService", "..\UserService\UserService.csproj", "{1BFB54AA-E9E8-4F1B-9CF5-702C4A49A294}"
EndProject
Project("{FAE04EC0-301F-11D3-BF4B-00C04F79EFBC}") = "OrderService", "..\OrderService\OrderService.csproj", "{C645D32A-E199-4ACA-BE56-8A49DF34C575}"
EndProject
Project("{2150E333-8FDC-42A3-9474-1A3956D46DE8}") = "Tests", "Tests", "{02EA681E-C7D8-13C7-8484-4AC65E1B71E8}"
EndProject
Project("{FAE04EC0-301F-11D3-BF4B-00C04F79EFBC}") = "UsersService.Test", "..\Tests\UsersService\UsersService.Test.csproj", "{E82582B1-DF41-47B1-B107-7953156EC08E}"
EndProject
Project("{FAE04EC0-301F-11D3-BF4B-00C04F79EFBC}") = "OrdersService.Test", "..\Tests\OrdersService\OrdersService.Test.csproj", "{B21E9EDB-69B8-4276-8151-E66A4E98C668}"
EndProject
Project("{FAE04EC0-301F-11D3-BF4B-00C04F79EFBC}") = "ApiGateway.Test", "..\Tests\ApiGateway\ApiGateway.Test.csproj", "{D1C91FE3-CDC7-43B1-9AE6-CCFFB761B29D}"
EndProject
Global
	GlobalSection(SolutionConfigurationPlatforms) = preSolution
		Debug|Any CPU = Debug|Any CPU
		Release|Any CPU = Release|Any CPU
	EndGlobalSection
	GlobalSection(ProjectConfigurationPlatforms) = postSolution
		{14059015-B2C0-4449-87CC-35DA386C4ACB}.Debug|Any CPU.ActiveCfg = Debug|Any CPU
		{14059015-B2C0-4449-87CC-35DA386C4ACB}.Debug|Any CPU.Build.0 = Debug|Any CPU
		{14059015-B2C0-4449-87CC-35DA386C4ACB}.Release|Any CPU.ActiveCfg = Release|Any CPU
		{14059015-B2C0-4449-87CC-35DA386C4ACB}.Release|Any CPU.Build.0 = Release|Any CPU
		{1BFB54AA-E9E8-4F1B-9CF5-702C4A49A294}.Debug|Any CPU.ActiveCfg = Debug|Any CPU
		{1BFB54AA-E9E8-4F1B-9CF5-702C4A49A294}.Debug|Any CPU.Build.0 = Debug|Any CPU
		{1BFB54AA-E9E8-4F1B-9CF5-702C4A49A294}.Release|Any CPU.ActiveCfg = Release|Any CPU
		{1BFB54AA-E9E8-4F1B-9CF5-702C4A49A294}.Release|Any CPU.Build.0 = Release|Any CPU
		{C645D32A-E199-4ACA-BE56-8A49DF34C575}.Debug|Any CPU.ActiveCfg = Debug|Any CPU
		{C645D32A-E199-4ACA-BE56-8A49DF34C575}.Debug|Any CPU.Build.0 = Debug|Any CPU
		{C645D32A-E199-4ACA-BE56-8A49DF34C575}.Release|Any CPU.ActiveCfg = Release|Any CPU
		{C645D32A-E199-4ACA-BE56-8A49DF34C575}.Release|Any CPU.Build.0 = Release|Any CPU
		{E82582B1-DF41-47B1-B107-7953156EC08E}.Debug|Any CPU.ActiveCfg = Debug|Any CPU
		{E82582B1-DF41-47B1-B107-7953156EC08E}.Debug|Any CPU.Build.0 = Debug|Any CPU
		{E82582B1-DF41-47B1-B107-7953156EC08E}.Release|Any CPU.ActiveCfg = Release|Any CPU
		{E82582B1-DF41-47B1-B107-7953156EC08E}.Release|Any CPU.Build.0 = Release|Any CPU
		{B21E9EDB-69B8-4276-8151-E66A4E98C668}.Debug|Any CPU.ActiveCfg = Debug|Any CPU
		{B21E9EDB-69B8-4276-8151-E66A4E98C668}.Debug|Any CPU.Build.0 = Debug|Any CPU
		{B21E9EDB-69B8-4276-8151-E66A4E98C668}.Release|Any CPU.ActiveCfg = Release|Any CPU
		{B21E9EDB-69B8-4276-8151-E66A4E98C668}.Release|Any CPU.Build.0 = Release|Any CPU
		{D1C91FE3-CDC7-43B1-9AE6-CCFFB761B29D}.Debug|Any CPU.ActiveCfg = Debug|Any CPU
		{D1C91FE3-CDC7-43B1-9AE6-CCFFB761B29D}.Debug|Any CPU.Build.0 = Debug|Any CPU
		{D1C91FE3-CDC7-43B1-9AE6-CCFFB761B29D}.Release|Any CPU.ActiveCfg = Release|Any CPU
		{D1C91FE3-CDC7-43B1-9AE6-CCFFB761B29D}.Release|Any CPU.Build.0 = Release|Any CPU
	EndGlobalSection
	GlobalSection(SolutionProperties) = preSolution
		HideSolutionNode = FALSE
	EndGlobalSection
	GlobalSection(NestedProjects) = preSolution
		{E82582B1-DF41-47B1-B107-7953156EC08E} = {02EA681E-C7D8-13C7-8484-4AC65E1B71E8}
		{B21E9EDB-69B8-4276-8151-E66A4E98C668} = {02EA681E-C7D8-13C7-8484-4AC65E1B71E8}
		{D1C91FE3-CDC7-43B1-9AE6-CCFFB761B29D} = {02EA681E-C7D8-13C7-8484-4AC65E1B71E8}
	EndGlobalSection
	GlobalSection(ExtensibilityGlobals) = postSolution
		SolutionGuid = {CBECB902-FC8E-4160-A984-B6BF771CE54B}
	EndGlobalSection
EndGlobal
